
Microsoft Visual Studio Solution File, Format Version 12.00
# Visual Studio 15
VisualStudioVersion = 15.0.26730.12
MinimumVisualStudioVersion = 10.0.40219.1
Project("{8BC9CEB8-8B4A-11D0-8D11-00A0C91BC942}") = "SingleNumberIII", "SingleNumberIII\SingleNumberIII.vcxproj", "{28F1E533-D7C0-438D-A90E-5EB77259C023}"
EndProject
Global
	GlobalSection(SolutionConfigurationPlatforms) = preSolution
		Debug|x64 = Debug|x64
		Debug|x86 = Debug|x86
		Release|x64 = Release|x64
		Release|x86 = Release|x86
	EndGlobalSection
	GlobalSection(ProjectConfigurationPlatforms) = postSolution
		{28F1E533-D7C0-438D-A90E-5EB77259C023}.Debug|x64.ActiveCfg = Debug|x64
		{28F1E533-D7C0-438D-A90E-5EB77259C023}.Debug|x64.Build.0 = Debug|x64
		{28F1E533-D7C0-438D-A90E-5EB77259C023}.Debug|x86.ActiveCfg = Debug|Win32
		{28F1E533-D7C0-438D-A90E-5EB77259C023}.Debug|x86.Build.0 = Debug|Win32
		{28F1E533-D7C0-438D-A90E-5EB77259C023}.Release|x64.ActiveCfg = Release|x64
		{28F1E533-D7C0-438D-A90E-5EB77259C023}.Release|x64.Build.0 = Release|x64
		{28F1E533-D7C0-438D-A90E-5EB77259C023}.Release|x86.ActiveCfg = Release|Win32
		{28F1E533-D7C0-438D-A90E-5EB77259C023}.Release|x86.Build.0 = Release|Win32
	EndGlobalSection
	GlobalSection(SolutionProperties) = preSolution
		HideSolutionNode = FALSE
	EndGlobalSection
	GlobalSection(ExtensibilityGlobals) = postSolution
		SolutionGuid = {42C1F153-34CB-4D79-938B-1FE81B844797}
	EndGlobalSection
EndGlobal
